
Microsoft Visual Studio Solution File, Format Version 12.00
# Visual Studio Version 16
VisualStudioVersion = 16.0.30114.105
MinimumVisualStudioVersion = 10.0.40219.1
Project("{2150E333-8FDC-42A3-9474-1A3956D46DE8}") = "samples", "samples", "{5D20AA90-6969-D8BD-9DCD-8634F4692FDA}"
EndProject
Project("{FAE04EC0-301F-11D3-BF4B-00C04F79EFBC}") = "ChokaQ.SampleApp", "samples\ChokaQ.SampleApp\ChokaQ.SampleApp.csproj", "{7A36A017-801B-4653-A683-80413290E800}"
EndProject
Project("{2150E333-8FDC-42A3-9474-1A3956D46DE8}") = "src", "src", "{827E0CD3-B72D-47B6-A68D-7590B98EB39B}"
EndProject
Project("{FAE04EC0-301F-11D3-BF4B-00C04F79EFBC}") = "ChokaQ.Abstractions", "src\ChokaQ.Abstractions\ChokaQ.Abstractions.csproj", "{518C2F40-CD8D-4C10-868D-E3C2358236C0}"
EndProject
Project("{FAE04EC0-301F-11D3-BF4B-00C04F79EFBC}") = "ChokaQ.Core", "src\ChokaQ.Core\ChokaQ.Core.csproj", "{7D1999CE-A88B-4A76-BD74-700FAFBC6269}"
EndProject
Project("{FAE04EC0-301F-11D3-BF4B-00C04F79EFBC}") = "ChokaQ.Dashboard", "src\ChokaQ.Dashboard\ChokaQ.Dashboard.csproj", "{D97E3AE5-25CC-421D-B955-918E22B18045}"
EndProject
Project("{FAE04EC0-301F-11D3-BF4B-00C04F79EFBC}") = "ChokaQ.Storage.SqlServer", "src\ChokaQ.Storage.SqlServer\ChokaQ.Storage.SqlServer.csproj", "{C52276C9-BA0A-46DA-8648-005710893A6A}"
EndProject
Global
	GlobalSection(SolutionConfigurationPlatforms) = preSolution
		Debug|Any CPU = Debug|Any CPU
		Debug|x64 = Debug|x64
		Debug|x86 = Debug|x86
		Release|Any CPU = Release|Any CPU
		Release|x64 = Release|x64
		Release|x86 = Release|x86
	EndGlobalSection
	GlobalSection(ProjectConfigurationPlatforms) = postSolution
		{7A36A017-801B-4653-A683-80413290E800}.Debug|Any CPU.ActiveCfg = Debug|Any CPU
		{7A36A017-801B-4653-A683-80413290E800}.Debug|Any CPU.Build.0 = Debug|Any CPU
		{7A36A017-801B-4653-A683-80413290E800}.Debug|x64.ActiveCfg = Debug|Any CPU
		{7A36A017-801B-4653-A683-80413290E800}.Debug|x64.Build.0 = Debug|Any CPU
		{7A36A017-801B-4653-A683-80413290E800}.Debug|x86.ActiveCfg = Debug|Any CPU
		{7A36A017-801B-4653-A683-80413290E800}.Debug|x86.Build.0 = Debug|Any CPU
		{7A36A017-801B-4653-A683-80413290E800}.Release|Any CPU.ActiveCfg = Release|Any CPU
		{7A36A017-801B-4653-A683-80413290E800}.Release|Any CPU.Build.0 = Release|Any CPU
		{7A36A017-801B-4653-A683-80413290E800}.Release|x64.ActiveCfg = Release|Any CPU
		{7A36A017-801B-4653-A683-80413290E800}.Release|x64.Build.0 = Release|Any CPU
		{7A36A017-801B-4653-A683-80413290E800}.Release|x86.ActiveCfg = Release|Any CPU
		{7A36A017-801B-4653-A683-80413290E800}.Release|x86.Build.0 = Release|Any CPU
		{518C2F40-CD8D-4C10-868D-E3C2358236C0}.Debug|Any CPU.ActiveCfg = Debug|Any CPU
		{518C2F40-CD8D-4C10-868D-E3C2358236C0}.Debug|Any CPU.Build.0 = Debug|Any CPU
		{518C2F40-CD8D-4C10-868D-E3C2358236C0}.Debug|x64.ActiveCfg = Debug|Any CPU
		{518C2F40-CD8D-4C10-868D-E3C2358236C0}.Debug|x64.Build.0 = Debug|Any CPU
		{518C2F40-CD8D-4C10-868D-E3C2358236C0}.Debug|x86.ActiveCfg = Debug|Any CPU
		{518C2F40-CD8D-4C10-868D-E3C2358236C0}.Debug|x86.Build.0 = Debug|Any CPU
		{518C2F40-CD8D-4C10-868D-E3C2358236C0}.Release|Any CPU.ActiveCfg = Release|Any CPU
		{518C2F40-CD8D-4C10-868D-E3C2358236C0}.Release|Any CPU.Build.0 = Release|Any CPU
		{518C2F40-CD8D-4C10-868D-E3C2358236C0}.Release|x64.ActiveCfg = Release|Any CPU
		{518C2F40-CD8D-4C10-868D-E3C2358236C0}.Release|x64.Build.0 = Release|Any CPU
		{518C2F40-CD8D-4C10-868D-E3C2358236C0}.Release|x86.ActiveCfg = Release|Any CPU
		{518C2F40-CD8D-4C10-868D-E3C2358236C0}.Release|x86.Build.0 = Release|Any CPU
		{7D1999CE-A88B-4A76-BD74-700FAFBC6269}.Debug|Any CPU.ActiveCfg = Debug|Any CPU
		{7D1999CE-A88B-4A76-BD74-700FAFBC6269}.Debug|Any CPU.Build.0 = Debug|Any CPU
		{7D1999CE-A88B-4A76-BD74-700FAFBC6269}.Debug|x64.ActiveCfg = Debug|Any CPU
		{7D1999CE-A88B-4A76-BD74-700FAFBC6269}.Debug|x64.Build.0 = Debug|Any CPU
		{7D1999CE-A88B-4A76-BD74-700FAFBC6269}.Debug|x86.ActiveCfg = Debug|Any CPU
		{7D1999CE-A88B-4A76-BD74-700FAFBC6269}.Debug|x86.Build.0 = Debug|Any CPU
		{7D1999CE-A88B-4A76-BD74-700FAFBC6269}.Release|Any CPU.ActiveCfg = Release|Any CPU
		{7D1999CE-A88B-4A76-BD74-700FAFBC6269}.Release|Any CPU.Build.0 = Release|Any CPU
		{7D1999CE-A88B-4A76-BD74-700FAFBC6269}.Release|x64.ActiveCfg = Release|Any CPU
		{7D1999CE-A88B-4A76-BD74-700FAFBC6269}.Release|x64.Build.0 = Release|Any CPU
		{7D1999CE-A88B-4A76-BD74-700FAFBC6269}.Release|x86.ActiveCfg = Release|Any CPU
		{7D1999CE-A88B-4A76-BD74-700FAFBC6269}.Release|x86.Build.0 = Release|Any CPU
		{D97E3AE5-25CC-421D-B955-918E22B18045}.Debug|Any CPU.ActiveCfg = Debug|Any CPU
		{D97E3AE5-25CC-421D-B955-918E22B18045}.Debug|Any CPU.Build.0 = Debug|Any CPU
		{D97E3AE5-25CC-421D-B955-918E22B18045}.Debug|x64.ActiveCfg = Debug|Any CPU
		{D97E3AE5-25CC-421D-B955-918E22B18045}.Debug|x64.Build.0 = Debug|Any CPU
		{D97E3AE5-25CC-421D-B955-918E22B18045}.Debug|x86.ActiveCfg = Debug|Any CPU
		{D97E3AE5-25CC-421D-B955-918E22B18045}.Debug|x86.Build.0 = Debug|Any CPU
		{D97E3AE5-25CC-421D-B955-918E22B18045}.Release|Any CPU.ActiveCfg = Release|Any CPU
		{D97E3AE5-25CC-421D-B955-918E22B18045}.Release|Any CPU.Build.0 = Release|Any CPU
		{D97E3AE5-25CC-421D-B955-918E22B18045}.Release|x64.ActiveCfg = Release|Any CPU
		{D97E3AE5-25CC-421D-B955-918E22B18045}.Release|x64.Build.0 = Release|Any CPU
		{D97E3AE5-25CC-421D-B955-918E22B18045}.Release|x86.ActiveCfg = Release|Any CPU
		{D97E3AE5-25CC-421D-B955-918E22B18045}.Release|x86.Build.0 = Release|Any CPU
		{C52276C9-BA0A-46DA-8648-005710893A6A}.Debug|Any CPU.ActiveCfg = Debug|Any CPU
		{C52276C9-BA0A-46DA-8648-005710893A6A}.Debug|Any CPU.Build.0 = Debug|Any CPU
		{C52276C9-BA0A-46DA-8648-005710893A6A}.Debug|x64.ActiveCfg = Debug|Any CPU
		{C52276C9-BA0A-46DA-8648-005710893A6A}.Debug|x64.Build.0 = Debug|Any CPU
		{C52276C9-BA0A-46DA-8648-005710893A6A}.Debug|x86.ActiveCfg = Debug|Any CPU
		{C52276C9-BA0A-46DA-8648-005710893A6A}.Debug|x86.Build.0 = Debug|Any CPU
		{C52276C9-BA0A-46DA-8648-005710893A6A}.Release|Any CPU.ActiveCfg = Release|Any CPU
		{C52276C9-BA0A-46DA-8648-005710893A6A}.Release|Any CPU.Build.0 = Release|Any CPU
		{C52276C9-BA0A-46DA-8648-005710893A6A}.Release|x64.ActiveCfg = Release|Any CPU
		{C52276C9-BA0A-46DA-8648-005710893A6A}.Release|x64.Build.0 = Release|Any CPU
		{C52276C9-BA0A-46DA-8648-005710893A6A}.Release|x86.ActiveCfg = Release|Any CPU
		{C52276C9-BA0A-46DA-8648-005710893A6A}.Release|x86.Build.0 = Release|Any CPU
	EndGlobalSection
	GlobalSection(SolutionProperties) = preSolution
		HideSolutionNode = FALSE
	EndGlobalSection
	GlobalSection(NestedProjects) = preSolution
		{7A36A017-801B-4653-A683-80413290E800} = {5D20AA90-6969-D8BD-9DCD-8634F4692FDA}
		{518C2F40-CD8D-4C10-868D-E3C2358236C0} = {827E0CD3-B72D-47B6-A68D-7590B98EB39B}
		{7D1999CE-A88B-4A76-BD74-700FAFBC6269} = {827E0CD3-B72D-47B6-A68D-7590B98EB39B}
		{D97E3AE5-25CC-421D-B955-918E22B18045} = {827E0CD3-B72D-47B6-A68D-7590B98EB39B}
		{C52276C9-BA0A-46DA-8648-005710893A6A} = {827E0CD3-B72D-47B6-A68D-7590B98EB39B}
	EndGlobalSection
EndGlobal
